Microsoft Visual Studio Solution File, Format Version 9.00
# Visual Studio 2005
Project("{FAE04EC0-301F-11D3-BF4B-00C04F79EFBC}") = "HowToUseTreeListEditor.Module", "HowToUseTreeListEditor.Module\HowToUseTreeListEditor.Module.csproj", "{3975415D-F6B5-4134-AC24-D880495D4F7E}"
	ProjectSection(WebsiteProperties) = preProject
		Debug.AspNetCompiler.Debug = "True"
		Release.AspNetCompiler.Debug = "False"
	EndProjectSection
EndProject
Project("{FAE04EC0-301F-11D3-BF4B-00C04F79EFBC}") = "HowToUseTreeListEditor.Win", "HowToUseTreeListEditor.Win\HowToUseTreeListEditor.Win.csproj", "{7C9E71E8-5F83-4B72-B59E-A94DDBD8B6E8}"
	ProjectSection(WebsiteProperties) = preProject
		Debug.AspNetCompiler.Debug = "True"
		Release.AspNetCompiler.Debug = "False"
	EndProjectSection
EndProject
Global
	GlobalSection(SolutionConfigurationPlatforms) = preSolution
		Debug|Any CPU = Debug|Any CPU
		Release|Any CPU = Release|Any CPU
	EndGlobalSection
	GlobalSection(ProjectConfigurationPlatforms) = postSolution
		{3975415D-F6B5-4134-AC24-D880495D4F7E}.Debug|Any CPU.ActiveCfg = Debug|Any CPU
		{3975415D-F6B5-4134-AC24-D880495D4F7E}.Debug|Any CPU.Build.0 = Debug|Any CPU
		{3975415D-F6B5-4134-AC24-D880495D4F7E}.Release|Any CPU.ActiveCfg = Release|Any CPU
		{3975415D-F6B5-4134-AC24-D880495D4F7E}.Release|Any CPU.Build.0 = Release|Any CPU
		{7C9E71E8-5F83-4B72-B59E-A94DDBD8B6E8}.Debug|Any CPU.ActiveCfg = Debug|Any CPU
		{7C9E71E8-5F83-4B72-B59E-A94DDBD8B6E8}.Debug|Any CPU.Build.0 = Debug|Any CPU
		{7C9E71E8-5F83-4B72-B59E-A94DDBD8B6E8}.Release|Any CPU.ActiveCfg = Release|Any CPU
		{7C9E71E8-5F83-4B72-B59E-A94DDBD8B6E8}.Release|Any CPU.Build.0 = Release|Any CPU
	EndGlobalSection
	GlobalSection(SolutionProperties) = preSolution
		HideSolutionNode = FALSE
	EndGlobalSection
EndGlobal
