
Microsoft Visual Studio Solution File, Format Version 12.00
# Visual Studio Version 17
VisualStudioVersion = 17.5.33424.131
MinimumVisualStudioVersion = 10.0.40219.1
Project("{9A19103F-16F7-4668-BE54-9A1E7A4F7556}") = "UseTreeListEF.Win", "UseTreeListEF.Win\UseTreeListEF.Win.csproj", "{D9F5F8D4-9C84-4EE5-981F-C4842079A2E6}"
EndProject
Project("{9A19103F-16F7-4668-BE54-9A1E7A4F7556}") = "UseTreeListEF.Module", "UseTreeListEF.Module\UseTreeListEF.Module.csproj", "{776E87FC-8683-4C57-9111-103339646D71}"
EndProject

Global
	GlobalSection(SolutionConfigurationPlatforms) = preSolution
		Debug|Any CPU = Debug|Any CPU
		EasyTest|Any CPU = EasyTest|Any CPU
		Release|Any CPU = Release|Any CPU
	EndGlobalSection
	GlobalSection(ProjectConfigurationPlatforms) = postSolution
		{776E87FC-8683-4C57-9111-103339646D71}.Debug|Any CPU.ActiveCfg = Debug|Any CPU
		{776E87FC-8683-4C57-9111-103339646D71}.Debug|Any CPU.Build.0 = Debug|Any CPU
		{776E87FC-8683-4C57-9111-103339646D71}.EasyTest|Any CPU.ActiveCfg = EasyTest|Any CPU
		{776E87FC-8683-4C57-9111-103339646D71}.EasyTest|Any CPU.Build.0 = EasyTest|Any CPU
		{776E87FC-8683-4C57-9111-103339646D71}.Release|Any CPU.ActiveCfg = Release|Any CPU
		{776E87FC-8683-4C57-9111-103339646D71}.Release|Any CPU.Build.0 = Release|Any CPU
		{D9F5F8D4-9C84-4EE5-981F-C4842079A2E6}.Debug|Any CPU.ActiveCfg = Debug|Any CPU
		{D9F5F8D4-9C84-4EE5-981F-C4842079A2E6}.Debug|Any CPU.Build.0 = Debug|Any CPU
		{D9F5F8D4-9C84-4EE5-981F-C4842079A2E6}.EasyTest|Any CPU.ActiveCfg = EasyTest|Any CPU
		{D9F5F8D4-9C84-4EE5-981F-C4842079A2E6}.EasyTest|Any CPU.Build.0 = EasyTest|Any CPU
		{D9F5F8D4-9C84-4EE5-981F-C4842079A2E6}.Release|Any CPU.ActiveCfg = Release|Any CPU
		{D9F5F8D4-9C84-4EE5-981F-C4842079A2E6}.Release|Any CPU.Build.0 = Release|Any CPU
	EndGlobalSection
	GlobalSection(SolutionProperties) = preSolution
		HideSolutionNode = FALSE
	EndGlobalSection
	GlobalSection(ExtensibilityGlobals) = postSolution
		SolutionGuid = {7AD01F6A-B0CA-4ACD-8C4E-91709D5D359B}
	EndGlobalSection
EndGlobal
